
Microsoft Visual Studio Solution File, Format Version 11.00
# Visual Studio 2010
Project("{FAE04EC0-301F-11D3-BF4B-00C04F79EFBC}") = "Two10.TaskList.Web", "Two10.TaskList.Web\Two10.TaskList.Web.csproj", "{5CE77795-2C7A-401B-9862-FDF2E8D4D97B}"
EndProject
Project("{FAE04EC0-301F-11D3-BF4B-00C04F79EFBC}") = "Two10.TaskList.Resources", "Two10.TaskList.Resources\Two10.TaskList.Resources.csproj", "{36008D50-115B-430F-B5D6-63D1D11A5123}"
EndProject
Project("{FAE04EC0-301F-11D3-BF4B-00C04F79EFBC}") = "Two10.TaskList.Model", "Two10.TaskList.Model\Two10.TaskList.Model.csproj", "{D1C454D2-68FC-45B6-AB7C-21A019DD7F11}"
EndProject
Project("{FAE04EC0-301F-11D3-BF4B-00C04F79EFBC}") = "Two10.TaskList.Services", "Two10.TaskList.Services\Two10.TaskList.Services.csproj", "{1937A8AE-DDC1-4485-8BE6-D7113131D707}"
EndProject
Project("{FAE04EC0-301F-11D3-BF4B-00C04F79EFBC}") = "Two10.TaskList.Tests", "Two10.TaskList.Tests\Two10.TaskList.Tests.csproj", "{F05F618C-2B00-4B8E-AB3B-F316670C1ED8}"
EndProject
Project("{FAE04EC0-301F-11D3-BF4B-00C04F79EFBC}") = "Two10.RestClient", "Two10.RestClient\Two10.RestClient.csproj", "{B2EFACDF-7CC6-4C9E-AE7C-CF8C748938F8}"
EndProject
Project("{FAE04EC0-301F-11D3-BF4B-00C04F79EFBC}") = "Two10.TaskList.Mvc", "Two10.TaskList.Mvc\Two10.TaskList.Mvc.csproj", "{FD487E03-9953-4F27-838E-D067E549E424}"
EndProject
Global
	GlobalSection(SolutionConfigurationPlatforms) = preSolution
		Debug|Any CPU = Debug|Any CPU
		Release|Any CPU = Release|Any CPU
	EndGlobalSection
	GlobalSection(ProjectConfigurationPlatforms) = postSolution
		{5CE77795-2C7A-401B-9862-FDF2E8D4D97B}.Debug|Any CPU.ActiveCfg = Debug|Any CPU
		{5CE77795-2C7A-401B-9862-FDF2E8D4D97B}.Debug|Any CPU.Build.0 = Debug|Any CPU
		{5CE77795-2C7A-401B-9862-FDF2E8D4D97B}.Release|Any CPU.ActiveCfg = Release|Any CPU
		{5CE77795-2C7A-401B-9862-FDF2E8D4D97B}.Release|Any CPU.Build.0 = Release|Any CPU
		{36008D50-115B-430F-B5D6-63D1D11A5123}.Debug|Any CPU.ActiveCfg = Debug|Any CPU
		{36008D50-115B-430F-B5D6-63D1D11A5123}.Debug|Any CPU.Build.0 = Debug|Any CPU
		{36008D50-115B-430F-B5D6-63D1D11A5123}.Release|Any CPU.ActiveCfg = Release|Any CPU
		{36008D50-115B-430F-B5D6-63D1D11A5123}.Release|Any CPU.Build.0 = Release|Any CPU
		{D1C454D2-68FC-45B6-AB7C-21A019DD7F11}.Debug|Any CPU.ActiveCfg = Debug|Any CPU
		{D1C454D2-68FC-45B6-AB7C-21A019DD7F11}.Debug|Any CPU.Build.0 = Debug|Any CPU
		{D1C454D2-68FC-45B6-AB7C-21A019DD7F11}.Release|Any CPU.ActiveCfg = Release|Any CPU
		{D1C454D2-68FC-45B6-AB7C-21A019DD7F11}.Release|Any CPU.Build.0 = Release|Any CPU
		{1937A8AE-DDC1-4485-8BE6-D7113131D707}.Debug|Any CPU.ActiveCfg = Debug|Any CPU
		{1937A8AE-DDC1-4485-8BE6-D7113131D707}.Debug|Any CPU.Build.0 = Debug|Any CPU
		{1937A8AE-DDC1-4485-8BE6-D7113131D707}.Release|Any CPU.ActiveCfg = Release|Any CPU
		{1937A8AE-DDC1-4485-8BE6-D7113131D707}.Release|Any CPU.Build.0 = Release|Any CPU
		{F05F618C-2B00-4B8E-AB3B-F316670C1ED8}.Debug|Any CPU.ActiveCfg = Debug|Any CPU
		{F05F618C-2B00-4B8E-AB3B-F316670C1ED8}.Debug|Any CPU.Build.0 = Debug|Any CPU
		{F05F618C-2B00-4B8E-AB3B-F316670C1ED8}.Release|Any CPU.ActiveCfg = Release|Any CPU
		{F05F618C-2B00-4B8E-AB3B-F316670C1ED8}.Release|Any CPU.Build.0 = Release|Any CPU
		{B2EFACDF-7CC6-4C9E-AE7C-CF8C748938F8}.Debug|Any CPU.ActiveCfg = Debug|Any CPU
		{B2EFACDF-7CC6-4C9E-AE7C-CF8C748938F8}.Debug|Any CPU.Build.0 = Debug|Any CPU
		{B2EFACDF-7CC6-4C9E-AE7C-CF8C748938F8}.Release|Any CPU.ActiveCfg = Release|Any CPU
		{B2EFACDF-7CC6-4C9E-AE7C-CF8C748938F8}.Release|Any CPU.Build.0 = Release|Any CPU
		{FD487E03-9953-4F27-838E-D067E549E424}.Debug|Any CPU.ActiveCfg = Debug|Any CPU
		{FD487E03-9953-4F27-838E-D067E549E424}.Debug|Any CPU.Build.0 = Debug|Any CPU
		{FD487E03-9953-4F27-838E-D067E549E424}.Release|Any CPU.ActiveCfg = Release|Any CPU
		{FD487E03-9953-4F27-838E-D067E549E424}.Release|Any CPU.Build.0 = Release|Any CPU
	EndGlobalSection
	GlobalSection(SolutionProperties) = preSolution
		HideSolutionNode = FALSE
	EndGlobalSection
EndGlobal
